// !$*UTF8*$!
{
	archiveVersion = 1;
	classes = {
	};
	objectVersion = 50;
	objects = {

/* Begin PBXBuildFile section */
		AECD524F24E61DEA00F86722 /* Dispatcher.swift in Sources */ = {isa = PBXBuildFile; fileRef = AECD524E24E61DEA00F86722 /* Dispatcher.swift */; };
		AED88B7224E5A40B00815B34 /* AppDelegate.swift in Sources */ = {isa = PBXBuildFile; fileRef = AED88B7124E5A40B00815B34 /* AppDelegate.swift */; };
		AED88B7424E5A40B00815B34 /* SceneDelegate.swift in Sources */ = {isa = PBXBuildFile; fileRef = AED88B7324E5A40B00815B34 /* SceneDelegate.swift */; };
		AED88B7624E5A40B00815B34 /* ViewController.swift in Sources */ = {isa = PBXBuildFile; fileRef = AED88B7524E5A40B00815B34 /* ViewController.swift */; };
		AED88B7924E5A40B00815B34 /* Main.storyboard in Resources */ = {isa = PBXBuildFile; fileRef = AED88B7724E5A40B00815B34 /* Main.storyboard */; };
		AED88B7B24E5A40E00815B34 /* Assets.xcassets in Resources */ = {isa = PBXBuildFile; fileRef = AED88B7A24E5A40E00815B34 /* Assets.xcassets */; };
		AED88B7E24E5A40E00815B34 /* LaunchScreen.storyboard in Resources */ = {isa = PBXBuildFile; fileRef = AED88B7C24E5A40E00815B34 /* LaunchScreen.storyboard */; };
		AED88B8624E5A43300815B34 /* BlurView.swift in Sources */ = {isa = PBXBuildFile; fileRef = AED88B8524E5A43300815B34 /* BlurView.swift */; };
/* End PBXBuildFile section */

/* Begin PBXFileReference section */
		AECD524E24E61DEA00F86722 /* Dispatcher.swift */ = {isa = PBXFileReference; lastKnownFileType = sourcecode.swift; path = Dispatcher.swift; sourceTree = "<group>"; };
		AED88B6E24E5A40B00815B34 /* BlurView.app */ = {isa = PBXFileReference; explicitFileType = wrapper.application; includeInIndex = 0; path = BlurView.app; sourceTree = BUILT_PRODUCTS_DIR; };
		AED88B7124E5A40B00815B34 /* AppDelegate.swift */ = {isa = PBXFileReference; lastKnownFileType = sourcecode.swift; path = AppDelegate.swift; sourceTree = "<group>"; };
		AED88B7324E5A40B00815B34 /* SceneDelegate.swift */ = {isa = PBXFileReference; lastKnownFileType = sourcecode.swift; path = SceneDelegate.swift; sourceTree = "<group>"; };
		AED88B7524E5A40B00815B34 /* ViewController.swift */ = {isa = PBXFileReference; lastKnownFileType = sourcecode.swift; path = ViewController.swift; sourceTree = "<group>"; };
		AED88B7824E5A40B00815B34 /* Base */ = {isa = PBXFileReference; lastKnownFileType = file.storyboard; name = Base; path = Base.lproj/Main.storyboard; sourceTree = "<group>"; };
		AED88B7A24E5A40E00815B34 /* Assets.xcassets */ = {isa = PBXFileReference; lastKnownFileType = folder.assetcatalog; path = Assets.xcassets; sourceTree = "<group>"; };
		AED88B7D24E5A40E00815B34 /* Base */ = {isa = PBXFileReference; lastKnownFileType = file.storyboard; name = Base; path = Base.lproj/LaunchScreen.storyboard; sourceTree = "<group>"; };
		AED88B7F24E5A40E00815B34 /* Info.plist */ = {isa = PBXFileReference; lastKnownFileType = text.plist.xml; path = Info.plist; sourceTree = "<group>"; };
		AED88B8524E5A43300815B34 /* BlurView.swift */ = {isa = PBXFileReference; lastKnownFileType = sourcecode.swift; path = BlurView.swift; sourceTree = "<group>"; };
/* End PBXFileReference section */

/* Begin PBXFrameworksBuildPhase section */
		AED88B6B24E5A40B00815B34 /* Frameworks */ = {
			isa = PBXFrameworksBuildPhase;
			buildActionMask = 2147483647;
			files = (
			);
			runOnlyForDeploymentPostprocessing = 0;
		};
/* End PBXFrameworksBuildPhase section */

/* Begin PBXGroup section */
		AED88B6524E5A40B00815B34 = {
			isa = PBXGroup;
			children = (
				AED88B7024E5A40B00815B34 /* BlurView */,
				AED88B6F24E5A40B00815B34 /* Products */,
			);
			sourceTree = "<group>";
		};
		AED88B6F24E5A40B00815B34 /* Products */ = {
			isa = PBXGroup;
			children = (
				AED88B6E24E5A40B00815B34 /* BlurView.app */,
			);
			name = Products;
			sourceTree = "<group>";
		};
		AED88B7024E5A40B00815B34 /* BlurView */ = {
			isa = PBXGroup;
			children = (
				AED88B7124E5A40B00815B34 /* AppDelegate.swift */,
				AED88B7324E5A40B00815B34 /* SceneDelegate.swift */,
				AECD524E24E61DEA00F86722 /* Dispatcher.swift */,
				AED88B7524E5A40B00815B34 /* ViewController.swift */,
				AED88B8524E5A43300815B34 /* BlurView.swift */,
				AED88B7724E5A40B00815B34 /* Main.storyboard */,
				AED88B7A24E5A40E00815B34 /* Assets.xcassets */,
				AED88B7C24E5A40E00815B34 /* LaunchScreen.storyboard */,
				AED88B7F24E5A40E00815B34 /* Info.plist */,
			);
			path = BlurView;
			sourceTree = "<group>";
		};
/* End PBXGroup section */

/* Begin PBXNativeTarget section */
		AED88B6D24E5A40B00815B34 /* BlurView */ = {
			isa = PBXNativeTarget;
			buildConfigurationList = AED88B8224E5A40E00815B34 /* Build configuration list for PBXNativeTarget "BlurView" */;
			buildPhases = (
				AED88B6A24E5A40B00815B34 /* Sources */,
				AED88B6B24E5A40B00815B34 /* Frameworks */,
				AED88B6C24E5A40B00815B34 /* Resources */,
			);
			buildRules = (
			);
			dependencies = (
			);
			name = BlurView;
			productName = BlurView;
			productReference = AED88B6E24E5A40B00815B34 /* BlurView.app */;
			productType = "com.apple.product-type.application";
		};
/* End PBXNativeTarget section */

/* Begin PBXProject section */
		AED88B6624E5A40B00815B34 /* Project object */ = {
			isa = PBXProject;
			attributes = {
				LastSwiftUpdateCheck = 1160;
				LastUpgradeCheck = 1160;
				ORGANIZATIONNAME = "Duncan Champney";
				TargetAttributes = {
					AED88B6D24E5A40B00815B34 = {
						CreatedOnToolsVersion = 11.6;
					};
				};
			};
			buildConfigurationList = AED88B6924E5A40B00815B34 /* Build configuration list for PBXProject "BlurView" */;
			compatibilityVersion = "Xcode 9.3";
			developmentRegion = en;
			hasScannedForEncodings = 0;
			knownRegions = (
				en,
				Base,
			);
			mainGroup = AED88B6524E5A40B00815B34;
			productRefGroup = AED88B6F24E5A40B00815B34 /* Products */;
			projectDirPath = "";
			projectRoot = "";
			targets = (
				AED88B6D24E5A40B00815B34 /* BlurView */,
			);
		};
/* End PBXProject section */

/* Begin PBXResourcesBuildPhase section */
		AED88B6C24E5A40B00815B34 /* Resources */ = {
			isa = PBXResourcesBuildPhase;
			buildActionMask = 2147483647;
			files = (
				AED88B7E24E5A40E00815B34 /* LaunchScreen.storyboard in Resources */,
				AED88B7B24E5A40E00815B34 /* Assets.xcassets in Resources */,
				AED88B7924E5A40B00815B34 /* Main.storyboard in Resources */,
			);
			runOnlyForDeploymentPostprocessing = 0;
		};
/* End PBXResourcesBuildPhase section */

/* Begin PBXSourcesBuildPhase section */
		AED88B6A24E5A40B00815B34 /* Sources */ = {
			isa = PBXSourcesBuildPhase;
			buildActionMask = 2147483647;
			files = (
				AED88B7624E5A40B00815B34 /* ViewController.swift in Sources */,
				AED88B8624E5A43300815B34 /* BlurView.swift in Sources */,
				AED88B7224E5A40B00815B34 /* AppDelegate.swift in Sources */,
				AED88B7424E5A40B00815B34 /* SceneDelegate.swift in Sources */,
				AECD524F24E61DEA00F86722 /* Dispatcher.swift in Sources */,
			);
			runOnlyForDeploymentPostprocessing = 0;
		};
/* End PBXSourcesBuildPhase section */

/* Begin PBXVariantGroup section */
		AED88B7724E5A40B00815B34 /* Main.storyboard */ = {
			isa = PBXVariantGroup;
			children = (
				AED88B7824E5A40B00815B34 /* Base */,
			);
			name = Main.storyboard;
			sourceTree = "<group>";
		};
		AED88B7C24E5A40E00815B34 /* LaunchScreen.storyboard */ = {
			isa = PBXVariantGroup;
			children = (
				AED88B7D24E5A40E00815B34 /* Base */,
			);
			name = LaunchScreen.storyboard;
			sourceTree = "<group>";
		};
/* End PBXVariantGroup section */

/* Begin XCBuildConfiguration section */
		AED88B8024E5A40E00815B34 /* Debug */ = {
			isa = XCBuildConfiguration;
			buildSettings = {
				ALWAYS_SEARCH_USER_PATHS = NO;
				CLANG_ANALYZER_NONNULL = YES;
				CLANG_ANALYZER_NUMBER_OBJECT_CONVERSION = YES_AGGRESSIVE;
				CLANG_CXX_LANGUAGE_STANDARD = "gnu++14";
				CLANG_CXX_LIBRARY = "libc++";
				CLANG_ENABLE_MODULES = YES;
				CLANG_ENABLE_OBJC_ARC = YES;
				CLANG_ENABLE_OBJC_WEAK = YES;
				CLANG_WARN_BLOCK_CAPTURE_AUTORELEASING = YES;
				CLANG_WARN_BOOL_CONVERSION = YES;
				CLANG_WARN_COMMA = YES;
				CLANG_WARN_CONSTANT_CONVERSION = YES;
				CLANG_WARN_DEPRECATED_OBJC_IMPLEMENTATIONS = YES;
				CLANG_WARN_DIRECT_OBJC_ISA_USAGE = YES_ERROR;
				CLANG_WARN_DOCUMENTATION_COMMENTS = YES;
				CLANG_WARN_EMPTY_BODY = YES;
				CLANG_WARN_ENUM_CONVERSION = YES;
				CLANG_WARN_INFINITE_RECURSION = YES;
				CLANG_WARN_INT_CONVERSION = YES;
				CLANG_WARN_NON_LITERAL_NULL_CONVERSION = YES;
				CLANG_WARN_OBJC_IMPLICIT_RETAIN_SELF = YES;
				CLANG_WARN_OBJC_LITERAL_CONVERSION = YES;
				CLANG_WARN_OBJC_ROOT_CLASS = YES_ERROR;
				CLANG_WARN_RANGE_LOOP_ANALYSIS = YES;
				CLANG_WARN_STRICT_PROTOTYPES = YES;
				CLANG_WARN_SUSPICIOUS_MOVE = YES;
				CLANG_WARN_UNGUARDED_AVAILABILITY = YES_AGGRESSIVE;
				CLANG_WARN_UNREACHABLE_CODE = YES;
				CLANG_WARN__DUPLICATE_METHOD_MATCH = YES;
				COPY_PHASE_STRIP = NO;
				DEBUG_INFORMATION_FORMAT = dwarf;
				ENABLE_STRICT_OBJC_MSGSEND = YES;
				ENABLE_TESTABILITY = YES;
				GCC_C_LANGUAGE_STANDARD = gnu11;
				GCC_DYNAMIC_NO_PIC = NO;
				GCC_NO_COMMON_BLOCKS = YES;
				GCC_OPTIMIZATION_LEVEL = 0;
				GCC_PREPROCESSOR_DEFINITIONS = (
					"DEBUG=1",
					"$(inherited)",
				);
				GCC_WARN_64_TO_32_BIT_CONVERSION = YES;
				GCC_WARN_ABOUT_RETURN_TYPE = YES_ERROR;
				GCC_WARN_UNDECLARED_SELECTOR = YES;
				GCC_WARN_UNINITIALIZED_AUTOS = YES_AGGRESSIVE;
				GCC_WARN_UNUSED_FUNCTION = YES;
				GCC_WARN_UNUSED_VARIABLE = YES;
				IPHONEOS_DEPLOYMENT_TARGET = 13.6;
				MTL_ENABLE_DEBUG_INFO = INCLUDE_SOURCE;
				MTL_FAST_MATH = YES;
				ONLY_ACTIVE_ARCH = YES;
				SDKROOT = iphoneos;
				SWIFT_ACTIVE_COMPILATION_CONDITIONS = DEBUG;
				SWIFT_OPTIMIZATION_LEVEL = "-Onone";
			};
			name = Debug;
		};
		AED88B8124E5A40E00815B34 /* Release */ = {
			isa = XCBuildConfiguration;
			buildSettings = {
				ALWAYS_SEARCH_USER_PATHS = NO;
				CLANG_ANALYZER_NONNULL = YES;
				CLANG_ANALYZER_NUMBER_OBJECT_CONVERSION = YES_AGGRESSIVE;
				CLANG_CXX_LANGUAGE_STANDARD = "gnu++14";
				CLANG_CXX_LIBRARY = "libc++";
				CLANG_ENABLE_MODULES = YES;
				CLANG_ENABLE_OBJC_ARC = YES;
				CLANG_ENABLE_OBJC_WEAK = YES;
				CLANG_WARN_BLOCK_CAPTURE_AUTORELEASING = YES;
				CLANG_WARN_BOOL_CONVERSION = YES;
				CLANG_WARN_COMMA = YES;
				CLANG_WARN_CONSTANT_CONVERSION = YES;
				CLANG_WARN_DEPRECATED_OBJC_IMPLEMENTATIONS = YES;
				CLANG_WARN_DIRECT_OBJC_ISA_USAGE = YES_ERROR;
				CLANG_WARN_DOCUMENTATION_COMMENTS = YES;
				CLANG_WARN_EMPTY_BODY = YES;
				CLANG_WARN_ENUM_CONVERSION = YES;
				CLANG_WARN_INFINITE_RECURSION = YES;
				CLANG_WARN_INT_CONVERSION = YES;
				CLANG_WARN_NON_LITERAL_NULL_CONVERSION = YES;
				CLANG_WARN_OBJC_IMPLICIT_RETAIN_SELF = YES;
				CLANG_WARN_OBJC_LITERAL_CONVERSION = YES;
				CLANG_WARN_OBJC_ROOT_CLASS = YES_ERROR;
				CLANG_WARN_RANGE_LOOP_ANALYSIS = YES;
				CLANG_WARN_STRICT_PROTOTYPES = YES;
				CLANG_WARN_SUSPICIOUS_MOVE = YES;
				CLANG_WARN_UNGUARDED_AVAILABILITY = YES_AGGRESSIVE;
				CLANG_WARN_UNREACHABLE_CODE = YES;
				CLANG_WARN__DUPLICATE_METHOD_MATCH = YES;
				COPY_PHASE_STRIP = NO;
				DEBUG_INFORMATION_FORMAT = "dwarf-with-dsym";
				ENABLE_NS_ASSERTIONS = NO;
				ENABLE_STRICT_OBJC_MSGSEND = YES;
				GCC_C_LANGUAGE_STANDARD = gnu11;
				GCC_NO_COMMON_BLOCKS = YES;
				GCC_WARN_64_TO_32_BIT_CONVERSION = YES;
				GCC_WARN_ABOUT_RETURN_TYPE = YES_ERROR;
				GCC_WARN_UNDECLARED_SELECTOR = YES;
				GCC_WARN_UNINITIALIZED_AUTOS = YES_AGGRESSIVE;
				GCC_WARN_UNUSED_FUNCTION = YES;
				GCC_WARN_UNUSED_VARIABLE = YES;
				IPHONEOS_DEPLOYMENT_TARGET = 13.6;
				MTL_ENABLE_DEBUG_INFO = NO;
				MTL_FAST_MATH = YES;
				SDKROOT = iphoneos;
				SWIFT_COMPILATION_MODE = wholemodule;
				SWIFT_OPTIMIZATION_LEVEL = "-O";
				VALIDATE_PRODUCT = YES;
			};
			name = Release;
		};
		AED88B8324E5A40E00815B34 /* Debug */ = {
			isa = XCBuildConfiguration;
			buildSettings = {
				ASSETCATALOG_COMPILER_APPICON_NAME = AppIcon;
				CODE_SIGN_STYLE = Automatic;
				DEVELOPMENT_TEAM = 4Z3F22G39W;
				INFOPLIST_FILE = BlurView/Info.plist;
				LD_RUNPATH_SEARCH_PATHS = (
					"$(inherited)",
					"@executable_path/Frameworks",
				);
				PRODUCT_BUNDLE_IDENTIFIER = com.wareto.BlurView;
				PRODUCT_NAME = "$(TARGET_NAME)";
				SWIFT_VERSION = 5.0;
				TARGETED_DEVICE_FAMILY = "1,2";
			};
			name = Debug;
		};
		AED88B8424E5A40E00815B34 /* Release */ = {
			isa = XCBuildConfiguration;
			buildSettings = {
				ASSETCATALOG_COMPILER_APPICON_NAME = AppIcon;
				CODE_SIGN_STYLE = Automatic;
				DEVELOPMENT_TEAM = 4Z3F22G39W;
				INFOPLIST_FILE = BlurView/Info.plist;
				LD_RUNPATH_SEARCH_PATHS = (
					"$(inherited)",
					"@executable_path/Frameworks",
				);
				PRODUCT_BUNDLE_IDENTIFIER = com.wareto.BlurView;
				PRODUCT_NAME = "$(TARGET_NAME)";
				SWIFT_VERSION = 5.0;
				TARGETED_DEVICE_FAMILY = "1,2";
			};
			name = Release;
		};
/* End XCBuildConfiguration section */

/* Begin XCConfigurationList section */
		AED88B6924E5A40B00815B34 /* Build configuration list for PBXProject "BlurView" */ = {
			isa = XCConfigurationList;
			buildConfigurations = (
				AED88B8024E5A40E00815B34 /* Debug */,
				AED88B8124E5A40E00815B34 /* Release */,
			);
			defaultConfigurationIsVisible = 0;
			defaultConfigurationName = Release;
		};
		AED88B8224E5A40E00815B34 /* Build configuration list for PBXNativeTarget "BlurView" */ = {
			isa = XCConfigurationList;
			buildConfigurations = (
				AED88B8324E5A40E00815B34 /* Debug */,
				AED88B8424E5A40E00815B34 /* Release */,
			);
			defaultConfigurationIsVisible = 0;
			defaultConfigurationName = Release;
		};
/* End XCConfigurationList section */
	};
	rootObject = AED88B6624E5A40B00815B34 /* Project object */;
}
